// !$*UTF8*$!
{
	archiveVersion = 1;
	classes = {
	};
	objectVersion = 55;
	objects = {

/* Begin PBXBuildFile section */
		EABC6DEC275E119F009C7C69 /* AppDelegate.swift in Sources */ = {isa = PBXBuildFile; fileRef = EABC6DEB275E119F009C7C69 /* AppDelegate.swift */; };
		EABC6DEE275E119F009C7C69 /* SceneDelegate.swift in Sources */ = {isa = PBXBuildFile; fileRef = EABC6DED275E119F009C7C69 /* SceneDelegate.swift */; };
		EABC6DF3275E119F009C7C69 /* Main.storyboard in Resources */ = {isa = PBXBuildFile; fileRef = EABC6DF1275E119F009C7C69 /* Main.storyboard */; };
		EABC6DF5275E11A0009C7C69 /* Assets.xcassets in Resources */ = {isa = PBXBuildFile; fileRef = EABC6DF4275E11A0009C7C69 /* Assets.xcassets */; };
		EABC6DF8275E11A0009C7C69 /* LaunchScreen.storyboard in Resources */ = {isa = PBXBuildFile; fileRef = EABC6DF6275E11A0009C7C69 /* LaunchScreen.storyboard */; };
		EABC6E00275E11FC009C7C69 /* ListCountryViewController.swift in Sources */ = {isa = PBXBuildFile; fileRef = EABC6DFF275E11FC009C7C69 /* ListCountryViewController.swift */; };
		EABC6E08275E1292009C7C69 /* CovidData.swift in Sources */ = {isa = PBXBuildFile; fileRef = EABC6E07275E1292009C7C69 /* CovidData.swift */; };
		EABC6E0B275E179C009C7C69 /* CovidViewCell.swift in Sources */ = {isa = PBXBuildFile; fileRef = EABC6E0A275E179C009C7C69 /* CovidViewCell.swift */; };
		EABC6E0D275E2B4E009C7C69 /* NetworkManager.swift in Sources */ = {isa = PBXBuildFile; fileRef = EABC6E0C275E2B4E009C7C69 /* NetworkManager.swift */; };
/* End PBXBuildFile section */

/* Begin PBXFileReference section */
		EABC6DE8275E119F009C7C69 /* ApiCovid19.app */ = {isa = PBXFileReference; explicitFileType = wrapper.application; includeInIndex = 0; path = ApiCovid19.app; sourceTree = BUILT_PRODUCTS_DIR; };
		EABC6DEB275E119F009C7C69 /* AppDelegate.swift */ = {isa = PBXFileReference; lastKnownFileType = sourcecode.swift; path = AppDelegate.swift; sourceTree = "<group>"; };
		EABC6DED275E119F009C7C69 /* SceneDelegate.swift */ = {isa = PBXFileReference; lastKnownFileType = sourcecode.swift; path = SceneDelegate.swift; sourceTree = "<group>"; };
		EABC6DF2275E119F009C7C69 /* Base */ = {isa = PBXFileReference; lastKnownFileType = file.storyboard; name = Base; path = Base.lproj/Main.storyboard; sourceTree = "<group>"; };
		EABC6DF4275E11A0009C7C69 /* Assets.xcassets */ = {isa = PBXFileReference; lastKnownFileType = folder.assetcatalog; path = Assets.xcassets; sourceTree = "<group>"; };
		EABC6DF7275E11A0009C7C69 /* Base */ = {isa = PBXFileReference; lastKnownFileType = file.storyboard; name = Base; path = Base.lproj/LaunchScreen.storyboard; sourceTree = "<group>"; };
		EABC6DF9275E11A0009C7C69 /* Info.plist */ = {isa = PBXFileReference; lastKnownFileType = text.plist.xml; path = Info.plist; sourceTree = "<group>"; };
		EABC6DFF275E11FC009C7C69 /* ListCountryViewController.swift */ = {isa = PBXFileReference; lastKnownFileType = sourcecode.swift; path = ListCountryViewController.swift; sourceTree = "<group>"; };
		EABC6E07275E1292009C7C69 /* CovidData.swift */ = {isa = PBXFileReference; lastKnownFileType = sourcecode.swift; path = CovidData.swift; sourceTree = "<group>"; };
		EABC6E0A275E179C009C7C69 /* CovidViewCell.swift */ = {isa = PBXFileReference; lastKnownFileType = sourcecode.swift; path = CovidViewCell.swift; sourceTree = "<group>"; };
		EABC6E0C275E2B4E009C7C69 /* NetworkManager.swift */ = {isa = PBXFileReference; lastKnownFileType = sourcecode.swift; path = NetworkManager.swift; sourceTree = "<group>"; };
/* End PBXFileReference section */

/* Begin PBXFrameworksBuildPhase section */
		EABC6DE5275E119F009C7C69 /* Frameworks */ = {
			isa = PBXFrameworksBuildPhase;
			buildActionMask = 2147483647;
			files = (
			);
			runOnlyForDeploymentPostprocessing = 0;
		};
/* End PBXFrameworksBuildPhase section */

/* Begin PBXGroup section */
		EABC6DDF275E119F009C7C69 = {
			isa = PBXGroup;
			children = (
				EABC6DEA275E119F009C7C69 /* ApiCovid19 */,
				EABC6DE9275E119F009C7C69 /* Products */,
			);
			sourceTree = "<group>";
		};
		EABC6DE9275E119F009C7C69 /* Products */ = {
			isa = PBXGroup;
			children = (
				EABC6DE8275E119F009C7C69 /* ApiCovid19.app */,
			);
			name = Products;
			sourceTree = "<group>";
		};
		EABC6DEA275E119F009C7C69 /* ApiCovid19 */ = {
			isa = PBXGroup;
			children = (
				EABC6E05275E1245009C7C69 /* App */,
				EABC6E0E275E2B53009C7C69 /* Services */,
				EABC6E04275E1239009C7C69 /* Storyboards */,
				EABC6E03275E122E009C7C69 /* ViewControllers */,
				EABC6E06275E1250009C7C69 /* Sources */,
				EABC6DF9275E11A0009C7C69 /* Info.plist */,
			);
			path = ApiCovid19;
			sourceTree = "<group>";
		};
		EABC6E03275E122E009C7C69 /* ViewControllers */ = {
			isa = PBXGroup;
			children = (
				EABC6E0A275E179C009C7C69 /* CovidViewCell.swift */,
				EABC6DFF275E11FC009C7C69 /* ListCountryViewController.swift */,
				EABC6E09275E1298009C7C69 /* Models */,
			);
			path = ViewControllers;
			sourceTree = "<group>";
		};
		EABC6E04275E1239009C7C69 /* Storyboards */ = {
			isa = PBXGroup;
			children = (
				EABC6DF1275E119F009C7C69 /* Main.storyboard */,
				EABC6DF6275E11A0009C7C69 /* LaunchScreen.storyboard */,
			);
			path = Storyboards;
			sourceTree = "<group>";
		};
		EABC6E05275E1245009C7C69 /* App */ = {
			isa = PBXGroup;
			children = (
				EABC6DEB275E119F009C7C69 /* AppDelegate.swift */,
				EABC6DED275E119F009C7C69 /* SceneDelegate.swift */,
			);
			path = App;
			sourceTree = "<group>";
		};
		EABC6E06275E1250009C7C69 /* Sources */ = {
			isa = PBXGroup;
			children = (
				EABC6DF4275E11A0009C7C69 /* Assets.xcassets */,
			);
			path = Sources;
			sourceTree = "<group>";
		};
		EABC6E09275E1298009C7C69 /* Models */ = {
			isa = PBXGroup;
			children = (
				EABC6E07275E1292009C7C69 /* CovidData.swift */,
			);
			name = Models;
			sourceTree = "<group>";
		};
		EABC6E0E275E2B53009C7C69 /* Services */ = {
			isa = PBXGroup;
			children = (
				EABC6E0C275E2B4E009C7C69 /* NetworkManager.swift */,
			);
			name = Services;
			path = ViewControllers;
			sourceTree = "<group>";
		};
/* End PBXGroup section */

/* Begin PBXNativeTarget section */
		EABC6DE7275E119F009C7C69 /* ApiCovid19 */ = {
			isa = PBXNativeTarget;
			buildConfigurationList = EABC6DFC275E11A0009C7C69 /* Build configuration list for PBXNativeTarget "ApiCovid19" */;
			buildPhases = (
				EABC6DE4275E119F009C7C69 /* Sources */,
				EABC6DE5275E119F009C7C69 /* Frameworks */,
				EABC6DE6275E119F009C7C69 /* Resources */,
			);
			buildRules = (
			);
			dependencies = (
			);
			name = ApiCovid19;
			productName = ApiCovid19;
			productReference = EABC6DE8275E119F009C7C69 /* ApiCovid19.app */;
			productType = "com.apple.product-type.application";
		};
/* End PBXNativeTarget section */

/* Begin PBXProject section */
		EABC6DE0275E119F009C7C69 /* Project object */ = {
			isa = PBXProject;
			attributes = {
				BuildIndependentTargetsInParallel = 1;
				LastSwiftUpdateCheck = 1310;
				LastUpgradeCheck = 1310;
				TargetAttributes = {
					EABC6DE7275E119F009C7C69 = {
						CreatedOnToolsVersion = 13.1;
					};
				};
			};
			buildConfigurationList = EABC6DE3275E119F009C7C69 /* Build configuration list for PBXProject "ApiCovid19" */;
			compatibilityVersion = "Xcode 13.0";
			developmentRegion = en;
			hasScannedForEncodings = 0;
			knownRegions = (
				en,
				Base,
			);
			mainGroup = EABC6DDF275E119F009C7C69;
			productRefGroup = EABC6DE9275E119F009C7C69 /* Products */;
			projectDirPath = "";
			projectRoot = "";
			targets = (
				EABC6DE7275E119F009C7C69 /* ApiCovid19 */,
			);
		};
/* End PBXProject section */

/* Begin PBXResourcesBuildPhase section */
		EABC6DE6275E119F009C7C69 /* Resources */ = {
			isa = PBXResourcesBuildPhase;
			buildActionMask = 2147483647;
			files = (
				EABC6DF8275E11A0009C7C69 /* LaunchScreen.storyboard in Resources */,
				EABC6DF5275E11A0009C7C69 /* Assets.xcassets in Resources */,
				EABC6DF3275E119F009C7C69 /* Main.storyboard in Resources */,
			);
			runOnlyForDeploymentPostprocessing = 0;
		};
/* End PBXResourcesBuildPhase section */

/* Begin PBXSourcesBuildPhase section */
		EABC6DE4275E119F009C7C69 /* Sources */ = {
			isa = PBXSourcesBuildPhase;
			buildActionMask = 2147483647;
			files = (
				EABC6E0D275E2B4E009C7C69 /* NetworkManager.swift in Sources */,
				EABC6E00275E11FC009C7C69 /* ListCountryViewController.swift in Sources */,
				EABC6E08275E1292009C7C69 /* CovidData.swift in Sources */,
				EABC6DEC275E119F009C7C69 /* AppDelegate.swift in Sources */,
				EABC6DEE275E119F009C7C69 /* SceneDelegate.swift in Sources */,
				EABC6E0B275E179C009C7C69 /* CovidViewCell.swift in Sources */,
			);
			runOnlyForDeploymentPostprocessing = 0;
		};
/* End PBXSourcesBuildPhase section */

/* Begin PBXVariantGroup section */
		EABC6DF1275E119F009C7C69 /* Main.storyboard */ = {
			isa = PBXVariantGroup;
			children = (
				EABC6DF2275E119F009C7C69 /* Base */,
			);
			name = Main.storyboard;
			sourceTree = "<group>";
		};
		EABC6DF6275E11A0009C7C69 /* LaunchScreen.storyboard */ = {
			isa = PBXVariantGroup;
			children = (
				EABC6DF7275E11A0009C7C69 /* Base */,
			);
			name = LaunchScreen.storyboard;
			sourceTree = "<group>";
		};
/* End PBXVariantGroup section */

/* Begin XCBuildConfiguration section */
		EABC6DFA275E11A0009C7C69 /* Debug */ = {
			isa = XCBuildConfiguration;
			buildSettings = {
				ALWAYS_SEARCH_USER_PATHS = NO;
				CLANG_ANALYZER_NONNULL = YES;
				CLANG_ANALYZER_NUMBER_OBJECT_CONVERSION = YES_AGGRESSIVE;
				CLANG_CXX_LANGUAGE_STANDARD = "gnu++17";
				CLANG_CXX_LIBRARY = "libc++";
				CLANG_ENABLE_MODULES = YES;
				CLANG_ENABLE_OBJC_ARC = YES;
				CLANG_ENABLE_OBJC_WEAK = YES;
				CLANG_WARN_BLOCK_CAPTURE_AUTORELEASING = YES;
				CLANG_WARN_BOOL_CONVERSION = YES;
				CLANG_WARN_COMMA = YES;
				CLANG_WARN_CONSTANT_CONVERSION = YES;
				CLANG_WARN_DEPRECATED_OBJC_IMPLEMENTATIONS = YES;
				CLANG_WARN_DIRECT_OBJC_ISA_USAGE = YES_ERROR;
				CLANG_WARN_DOCUMENTATION_COMMENTS = YES;
				CLANG_WARN_EMPTY_BODY = YES;
				CLANG_WARN_ENUM_CONVERSION = YES;
				CLANG_WARN_INFINITE_RECURSION = YES;
				CLANG_WARN_INT_CONVERSION = YES;
				CLANG_WARN_NON_LITERAL_NULL_CONVERSION = YES;
				CLANG_WARN_OBJC_IMPLICIT_RETAIN_SELF = YES;
				CLANG_WARN_OBJC_LITERAL_CONVERSION = YES;
				CLANG_WARN_OBJC_ROOT_CLASS = YES_ERROR;
				CLANG_WARN_QUOTED_INCLUDE_IN_FRAMEWORK_HEADER = YES;
				CLANG_WARN_RANGE_LOOP_ANALYSIS = YES;
				CLANG_WARN_STRICT_PROTOTYPES = YES;
				CLANG_WARN_SUSPICIOUS_MOVE = YES;
				CLANG_WARN_UNGUARDED_AVAILABILITY = YES_AGGRESSIVE;
				CLANG_WARN_UNREACHABLE_CODE = YES;
				CLANG_WARN__DUPLICATE_METHOD_MATCH = YES;
				COPY_PHASE_STRIP = NO;
				DEBUG_INFORMATION_FORMAT = dwarf;
				ENABLE_STRICT_OBJC_MSGSEND = YES;
				ENABLE_TESTABILITY = YES;
				GCC_C_LANGUAGE_STANDARD = gnu11;
				GCC_DYNAMIC_NO_PIC = NO;
				GCC_NO_COMMON_BLOCKS = YES;
				GCC_OPTIMIZATION_LEVEL = 0;
				GCC_PREPROCESSOR_DEFINITIONS = (
					"DEBUG=1",
					"$(inherited)",
				);
				GCC_WARN_64_TO_32_BIT_CONVERSION = YES;
				GCC_WARN_ABOUT_RETURN_TYPE = YES_ERROR;
				GCC_WARN_UNDECLARED_SELECTOR = YES;
				GCC_WARN_UNINITIALIZED_AUTOS = YES_AGGRESSIVE;
				GCC_WARN_UNUSED_FUNCTION = YES;
				GCC_WARN_UNUSED_VARIABLE = YES;
				IPHONEOS_DEPLOYMENT_TARGET = 15.0;
				MTL_ENABLE_DEBUG_INFO = INCLUDE_SOURCE;
				MTL_FAST_MATH = YES;
				ONLY_ACTIVE_ARCH = YES;
				SDKROOT = iphoneos;
				SWIFT_ACTIVE_COMPILATION_CONDITIONS = DEBUG;
				SWIFT_OPTIMIZATION_LEVEL = "-Onone";
			};
			name = Debug;
		};
		EABC6DFB275E11A0009C7C69 /* Release */ = {
			isa = XCBuildConfiguration;
			buildSettings = {
				ALWAYS_SEARCH_USER_PATHS = NO;
				CLANG_ANALYZER_NONNULL = YES;
				CLANG_ANALYZER_NUMBER_OBJECT_CONVERSION = YES_AGGRESSIVE;
				CLANG_CXX_LANGUAGE_STANDARD = "gnu++17";
				CLANG_CXX_LIBRARY = "libc++";
				CLANG_ENABLE_MODULES = YES;
				CLANG_ENABLE_OBJC_ARC = YES;
				CLANG_ENABLE_OBJC_WEAK = YES;
				CLANG_WARN_BLOCK_CAPTURE_AUTORELEASING = YES;
				CLANG_WARN_BOOL_CONVERSION = YES;
				CLANG_WARN_COMMA = YES;
				CLANG_WARN_CONSTANT_CONVERSION = YES;
				CLANG_WARN_DEPRECATED_OBJC_IMPLEMENTATIONS = YES;
				CLANG_WARN_DIRECT_OBJC_ISA_USAGE = YES_ERROR;
				CLANG_WARN_DOCUMENTATION_COMMENTS = YES;
				CLANG_WARN_EMPTY_BODY = YES;
				CLANG_WARN_ENUM_CONVERSION = YES;
				CLANG_WARN_INFINITE_RECURSION = YES;
				CLANG_WARN_INT_CONVERSION = YES;
				CLANG_WARN_NON_LITERAL_NULL_CONVERSION = YES;
				CLANG_WARN_OBJC_IMPLICIT_RETAIN_SELF = YES;
				CLANG_WARN_OBJC_LITERAL_CONVERSION = YES;
				CLANG_WARN_OBJC_ROOT_CLASS = YES_ERROR;
				CLANG_WARN_QUOTED_INCLUDE_IN_FRAMEWORK_HEADER = YES;
				CLANG_WARN_RANGE_LOOP_ANALYSIS = YES;
				CLANG_WARN_STRICT_PROTOTYPES = YES;
				CLANG_WARN_SUSPICIOUS_MOVE = YES;
				CLANG_WARN_UNGUARDED_AVAILABILITY = YES_AGGRESSIVE;
				CLANG_WARN_UNREACHABLE_CODE = YES;
				CLANG_WARN__DUPLICATE_METHOD_MATCH = YES;
				COPY_PHASE_STRIP = NO;
				DEBUG_INFORMATION_FORMAT = "dwarf-with-dsym";
				ENABLE_NS_ASSERTIONS = NO;
				ENABLE_STRICT_OBJC_MSGSEND = YES;
				GCC_C_LANGUAGE_STANDARD = gnu11;
				GCC_NO_COMMON_BLOCKS = YES;
				GCC_WARN_64_TO_32_BIT_CONVERSION = YES;
				GCC_WARN_ABOUT_RETURN_TYPE = YES_ERROR;
				GCC_WARN_UNDECLARED_SELECTOR = YES;
				GCC_WARN_UNINITIALIZED_AUTOS = YES_AGGRESSIVE;
				GCC_WARN_UNUSED_FUNCTION = YES;
				GCC_WARN_UNUSED_VARIABLE = YES;
				IPHONEOS_DEPLOYMENT_TARGET = 15.0;
				MTL_ENABLE_DEBUG_INFO = NO;
				MTL_FAST_MATH = YES;
				SDKROOT = iphoneos;
				SWIFT_COMPILATION_MODE = wholemodule;
				SWIFT_OPTIMIZATION_LEVEL = "-O";
				VALIDATE_PRODUCT = YES;
			};
			name = Release;
		};
		EABC6DFD275E11A0009C7C69 /* Debug */ = {
			isa = XCBuildConfiguration;
			buildSettings = {
				ASSETCATALOG_COMPILER_APPICON_NAME = AppIcon;
				ASSETCATALOG_COMPILER_GLOBAL_ACCENT_COLOR_NAME = AccentColor;
				CODE_SIGN_STYLE = Automatic;
				CURRENT_PROJECT_VERSION = 1;
				DEVELOPMENT_TEAM = 2V3Q6RCHJL;
				GENERATE_INFOPLIST_FILE = YES;
				INFOPLIST_FILE = ApiCovid19/Info.plist;
				INFOPLIST_KEY_UIApplicationSupportsIndirectInputEvents = YES;
				INFOPLIST_KEY_UILaunchStoryboardName = LaunchScreen;
				INFOPLIST_KEY_UIMainStoryboardFile = Main;
				INFOPLIST_KEY_UISupportedInterfaceOrientations_iPad = "UIInterfaceOrientationPortrait UIInterfaceOrientationPortraitUpsideDown UIInterfaceOrientationLandscapeLeft UIInterfaceOrientationLandscapeRight";
				INFOPLIST_KEY_UISupportedInterfaceOrientations_iPhone = "UIInterfaceOrientationPortrait UIInterfaceOrientationLandscapeLeft UIInterfaceOrientationLandscapeRight";
				LD_RUNPATH_SEARCH_PATHS = (
					"$(inherited)",
					"@executable_path/Frameworks",
				);
				MARKETING_VERSION = 1.0;
				PRODUCT_BUNDLE_IDENTIFIER = swift.ApiCovid19;
				PRODUCT_NAME = "$(TARGET_NAME)";
				SWIFT_EMIT_LOC_STRINGS = YES;
				SWIFT_VERSION = 5.0;
				TARGETED_DEVICE_FAMILY = "1,2";
			};
			name = Debug;
		};
		EABC6DFE275E11A0009C7C69 /* Release */ = {
			isa = XCBuildConfiguration;
			buildSettings = {
				ASSETCATALOG_COMPILER_APPICON_NAME = AppIcon;
				ASSETCATALOG_COMPILER_GLOBAL_ACCENT_COLOR_NAME = AccentColor;
				CODE_SIGN_STYLE = Automatic;
				CURRENT_PROJECT_VERSION = 1;
				DEVELOPMENT_TEAM = 2V3Q6RCHJL;
				GENERATE_INFOPLIST_FILE = YES;
				INFOPLIST_FILE = ApiCovid19/Info.plist;
				INFOPLIST_KEY_UIApplicationSupportsIndirectInputEvents = YES;
				INFOPLIST_KEY_UILaunchStoryboardName = LaunchScreen;
				INFOPLIST_KEY_UIMainStoryboardFile = Main;
				INFOPLIST_KEY_UISupportedInterfaceOrientations_iPad = "UIInterfaceOrientationPortrait UIInterfaceOrientationPortraitUpsideDown UIInterfaceOrientationLandscapeLeft UIInterfaceOrientationLandscapeRight";
				INFOPLIST_KEY_UISupportedInterfaceOrientations_iPhone = "UIInterfaceOrientationPortrait UIInterfaceOrientationLandscapeLeft UIInterfaceOrientationLandscapeRight";
				LD_RUNPATH_SEARCH_PATHS = (
					"$(inherited)",
					"@executable_path/Frameworks",
				);
				MARKETING_VERSION = 1.0;
				PRODUCT_BUNDLE_IDENTIFIER = swift.ApiCovid19;
				PRODUCT_NAME = "$(TARGET_NAME)";
				SWIFT_EMIT_LOC_STRINGS = YES;
				SWIFT_VERSION = 5.0;
				TARGETED_DEVICE_FAMILY = "1,2";
			};
			name = Release;
		};
/* End XCBuildConfiguration section */

/* Begin XCConfigurationList section */
		EABC6DE3275E119F009C7C69 /* Build configuration list for PBXProject "ApiCovid19" */ = {
			isa = XCConfigurationList;
			buildConfigurations = (
				EABC6DFA275E11A0009C7C69 /* Debug */,
				EABC6DFB275E11A0009C7C69 /* Release */,
			);
			defaultConfigurationIsVisible = 0;
			defaultConfigurationName = Release;
		};
		EABC6DFC275E11A0009C7C69 /* Build configuration list for PBXNativeTarget "ApiCovid19" */ = {
			isa = XCConfigurationList;
			buildConfigurations = (
				EABC6DFD275E11A0009C7C69 /* Debug */,
				EABC6DFE275E11A0009C7C69 /* Release */,
			);
			defaultConfigurationIsVisible = 0;
			defaultConfigurationName = Release;
		};
/* End XCConfigurationList section */
	};
	rootObject = EABC6DE0275E119F009C7C69 /* Project object */;
}
